# This file is automatically @generated by Poetry 1.4.0 and should not be changed by hand.

[[package]]
name = "annotated-types"
version = "0.4.0"
description = "Reusable constraint types to use with typing.Annotated"
category = "main"
optional = false
python-versions = ">=3.7"
files = [
    {file = "annotated_types-0.4.0-py3-none-any.whl", hash = "sha256:ac27bcccc7a1447efe9a9bd1145766cc14a841b107a6040a799c260e83adf67d"},
    {file = "annotated_types-0.4.0.tar.gz", hash = "sha256:fae0ca44ad43b7e54dbb02b22137885b1cb1cb7a312fe9fe7a6d77a0e5b0443a"},
]

[[package]]
name = "pydantic"
version = "2.0a2"
description = "Data validation using Python type hints"
category = "main"
optional = false
python-versions = ">=3.7"
files = []
develop = false

[package.dependencies]
annotated-types = ">=0.4.0"
pydantic-core = "0.23.1"
typing-extensions = ">=4.2.0"

[package.extras]
email = ["email-validator (>=1.3.0)"]

[package.source]
type = "git"
url = "https://github.com/pydantic/pydantic"
reference = "v2.0a2"
resolved_reference = "bda373de2b7422cf08f97fead59f92f5dbde18e2"

[[package]]
name = "pydantic-core"
version = "0.23.1"
description = ""
category = "main"
optional = false
python-versions = ">=3.7"
files = [
    {file = "pydantic_core-0.23.1-cp310-cp310-macosx_10_7_x86_64.whl", hash = "sha256:807d1f2aa738b0f629c4fb23f88ccd95f083f5776c4c2b2ae774ae90076f02b3"},
    {file = "pydantic_core-0.23.1-cp310-cp310-macosx_11_0_arm64.whl", hash = "sha256:f3a3631843abe9adbbe1d280757d5a5d883505a8ff5645d9a0859b166fa4de03"},
    {file = "pydantic_core-0.23.1-cp310-cp310-manylinux_2_17_aarch64.manylinux2014_aarch64.whl", hash = "sha256:9845d90b6f3d983534838240fed9fc98301f180540704caea2bfbcb24ef030a7"},
    {file = "pydantic_core-0.23.1-cp310-cp310-manylinux_2_17_x86_64.manylinux2014_x86_64.whl", hash = "sha256:966074e340bd896f0ea73b40b0265d50aa8c46026f800fe341a980002368cf5d"},
    {file = "pydantic_core-0.23.1-cp310-cp310-manylinux_2_24_armv7l.whl", hash = "sha256:c81b68bb5c647a62ff6f4849ca24be0f218105fdccbed99e07f7fd3d089c9d75"},
    {file = "pydantic_core-0.23.1-cp310-cp310-manylinux_2_24_ppc64le.whl", hash = "sha256:258915b2447d54d95f864922d3f5e978c713bb313729bb3541071475348c37f2"},
    {file = "pydantic_core-0.23.1-cp310-cp310-manylinux_2_24_s390x.whl", hash = "sha256:fccc8e7d20041ec2793f1acf8a7ea0560c0b7cb28ea7b62137626bfe13c7b630"},
    {file = "pydantic_core-0.23.1-cp310-cp310-manylinux_2_5_i686.manylinux1_i686.whl", hash = "sha256:244634aa97971076042004f27b41fcb3fc8ab2142f2ac4f28a95d193b1610046"},
    {file = "pydantic_core-0.23.1-cp310-cp310-musllinux_1_1_aarch64.whl", hash = "sha256:e109c909c1dec49b8ec2e6caadd3c3686d56a0c209f312c5f6c696fd25f91b70"},
    {file = "pydantic_core-0.23.1-cp310-cp310-musllinux_1_1_x86_64.whl", hash = "sha256:c5a9add173825540e5d2f4154e324fadb2eefc4c75d494fb8f843aad20f83247"},
    {file = "pydantic_core-0.23.1-cp310-none-win32.whl", hash = "sha256:6d521cddf70dc92a7d2ab44705576439aee1dc2b35055571592c78088ea51632"},
    {file = "pydantic_core-0.23.1-cp310-none-win_amd64.whl", hash = "sha256:4ffa0f72f6963ed61fcacd473d59a1e110dfc44df8796bbc1c031b98e98b7362"},
    {file = "pydantic_core-0.23.1-cp311-cp311-macosx_10_7_x86_64.whl", hash = "sha256:736d0dcbe7cd0a3d25eb44300ebde2d7c9c567bfdff0f44510f04ed8bbbb32ea"},
    {file = "pydantic_core-0.23.1-cp311-cp311-macosx_11_0_arm64.whl", hash = "sha256:0410c690341a4b708047cc72f9ebd23e4ba9d20f196f9289bbd980f1ee8f8450"},
    {file = "pydantic_core-0.23.1-cp311-cp311-manylinux_2_17_aarch64.manylinux2014_aarch64.whl", hash = "sha256:c86d22371dbe0992553b5ac954a43a83f1eec6f6f496f5f491fc1bb7bb187f88"},
    {file = "pydantic_core-0.23.1-cp311-cp311-manylinux_2_17_x86_64.manylinux2014_x86_64.whl", hash = "sha256:be0edd4df529bf500bddac92c128de5fd33b22ccc3a2d24da38c72f3c07fa774"},
    {file = "pydantic_core-0.23.1-cp311-cp311-manylinux_2_24_armv7l.whl", hash = "sha256:0acd0ff5ced407c2afbd691008c1876114bb48d4435c1492709f9f50cd56c5d8"},
    {file = "pydantic_core-0.23.1-cp311-cp311-manylinux_2_24_ppc64le.whl", hash = "sha256:832e7c9fffd367429b8cb0c0b58db114535ca1becd51a2a49faf146762720652"},
    {file = "pydantic_core-0.23.1-cp311-cp311-manylinux_2_24_s390x.whl", hash = "sha256:2de1a6cd19c18692dadb75d4ad7728b5c1aee7e7f7adc55073499c5863bf1b38"},
    {file = "pydantic_core-0.23.1-cp311-cp311-manylinux_2_5_i686.manylinux1_i686.whl", hash = "sha256:7706e76e7a49908ba3a94bcdd82797366552989827ce2464488edbc5e17910b7"},
    {file = "pydantic_core-0.23.1-cp311-cp311-musllinux_1_1_aarch64.whl", hash = "sha256:d9e9eb4109aa8339cc3e2c04fe744c09428d819925ff4662f452d2caff9fcd8c"},
    {file = "pydantic_core-0.23.1-cp311-cp311-musllinux_1_1_x86_64.whl", hash = "sha256:1bdd246f8ce3abf68ee91b75007b866968dc4cc1dc834a16d4c3ae1852207cfd"},
    {file = "pydantic_core-0.23.1-cp311-none-win32.whl", hash = "sha256:2b12cb72176d7a17a2d8039eba7cef1a7d20a359e5b970ae8b37ceedcc557f18"},
    {file = "pydantic_core-0.23.1-cp311-none-win_amd64.whl", hash = "sha256:789edd3b49bf7f59181943196b644fa14c34825945a8811c78ea502203b64b8e"},
    {file = "pydantic_core-0.23.1-cp37-cp37m-macosx_10_7_x86_64.whl", hash = "sha256:aab63d0a925f3f16e60c0980a805887770e663bc0a504ae8e4d0624a559bae8e"},
    {file = "pydantic_core-0.23.1-cp37-cp37m-macosx_11_0_arm64.whl", hash = "sha256:1bde5e4266f7e492d19e94824b9ecce75a5bbb4be19f773772f792204f72e65c"},
    {file = "pydantic_core-0.23.1-cp37-cp37m-manylinux_2_17_aarch64.manylinux2014_aarch64.whl", hash = "sha256:f079b842f017192500c90b33c70f1085e007ef03c5066d9339f2daf1d90a83b5"},
    {file = "pydantic_core-0.23.1-cp37-cp37m-manylinux_2_17_x86_64.manylinux2014_x86_64.whl", hash = "sha256:38496f67b6e3be93de28fa326cb77804cc171894513a90a499b4d431aaa1e9bb"},
    {file = "pydantic_core-0.23.1-cp37-cp37m-manylinux_2_24_armv7l.whl", hash = "sha256:8da93ebef2aca62493fe011f513b10d633d4a111140978115a82c4e3947ff0f4"},
    {file = "pydantic_core-0.23.1-cp37-cp37m-manylinux_2_24_ppc64le.whl", hash = "sha256:f2a9fcd4aabc0837f3cc3edb5d410c022a66a6c1b94ca8382f1da46e8e41c091"},
    {file = "pydantic_core-0.23.1-cp37-cp37m-manylinux_2_24_s390x.whl", hash = "sha256:8344586c05119eaa1d22aa995dc5749f31625c798fea8504dcc3bca0ee939982"},
    {file = "pydantic_core-0.23.1-cp37-cp37m-manylinux_2_5_i686.manylinux1_i686.whl", hash = "sha256:375bc3bc61847179989aa03d2dd2bfc158033cb988ed9740258663bb1434e5cb"},
    {file = "pydantic_core-0.23.1-cp37-cp37m-musllinux_1_1_aarch64.whl", hash = "sha256:c9c4a350286ed711c9dcb926d2a8aa08eb1f35da1770d0e608ff88f8379d2739"},
    {file = "pydantic_core-0.23.1-cp37-cp37m-musllinux_1_1_x86_64.whl", hash = "sha256:fcd0b4fa69c72b027c916f228134181bcd15873dd7381956751c235058fbd3ff"},
    {file = "pydantic_core-0.23.1-cp37-none-win32.whl", hash = "sha256:8ef075cf0000a3e65f3aa8bab29101a04eb21066f692495c9d51b0d496f92f5e"},
    {file = "pydantic_core-0.23.1-cp37-none-win_amd64.whl", hash = "sha256:2d857264277b71324dace10201a292b9da2ba57d2f85e5dc4676cb6eada7c09d"},
    {file = "pydantic_core-0.23.1-cp38-cp38-macosx_10_7_x86_64.whl", hash = "sha256:55a004b51892f00e4c3f25ceae4235061caf7c4c495d8acc15a841bea115d009"},
    {file = "pydantic_core-0.23.1-cp38-cp38-macosx_11_0_arm64.whl", hash = "sha256:d3116d663b4157844ca2e8b10fd41c1acd38f6c0d23c26ed6ece35ccdafc5aba"},
    {file = "pydantic_core-0.23.1-cp38-cp38-manylinux_2_17_aarch64.manylinux2014_aarch64.whl", hash = "sha256:42d653cd124193054cd7f9c85f0879fb08ab9479d9221fa405c18337f107627b"},
    {file = "pydantic_core-0.23.1-cp38-cp38-manylinux_2_17_x86_64.manylinux2014_x86_64.whl", hash = "sha256:9389d3b3187a310fcc080e9709fe18855ddcbc8cb8c006be93d13fb847a7a1de"},
    {file = "pydantic_core-0.23.1-cp38-cp38-manylinux_2_24_armv7l.whl", hash = "sha256:feeef0c48cd2bfbf4f13210a5730ba638db5db1eb72a8f9cd39224b3af223108"},
    {file = "pydantic_core-0.23.1-cp38-cp38-manylinux_2_24_ppc64le.whl", hash = "sha256:b6642f908b97e75e8a2a50b7173fc454413d56728a8efd4e5088bb3329e787d0"},
    {file = "pydantic_core-0.23.1-cp38-cp38-manylinux_2_24_s390x.whl", hash = "sha256:4e6ffcbff6a55cf95d8fe32c3faf406fe5ce4db5fa388f54a86828311f2b8538"},
    {file = "pydantic_core-0.23.1-cp38-cp38-manylinux_2_5_i686.manylinux1_i686.whl", hash = "sha256:2152a95ddb160a4e92ecf9532ceaa65b31c220c244a39c2d1cd970fdf6efbb11"},
    {file = "pydantic_core-0.23.1-cp38-cp38-musllinux_1_1_aarch64.whl", hash = "sha256:f0df7f38c173126544297a5b42f4694b011db56b38b51af4d802a4a198879d8c"},
    {file = "pydantic_core-0.23.1-cp38-cp38-musllinux_1_1_x86_64.whl", hash = "sha256:1baafa4b688d814a091932b9d9e33fdc4a4265dde1d2b06074672da172f0d182"},
    {file = "pydantic_core-0.23.1-cp38-none-win32.whl", hash = "sha256:69ae310c49eccf188b78af23021a5c31bb6cd3c31ddf089ffa52df4cf59db6b6"},
    {file = "pydantic_core-0.23.1-cp38-none-win_amd64.whl", hash = "sha256:c3ad0907132e28c7b381a237de74597018c07e5348c3508272e9b116b54e2e4e"},
    {file = "pydantic_core-0.23.1-cp39-cp39-macosx_10_7_x86_64.whl", hash = "sha256:55dbd9ba78bbc6c7de33edbbef255c589ad3496cc3b0b211f1b9a2032b5b568d"},
    {file = "pydantic_core-0.23.1-cp39-cp39-macosx_11_0_arm64.whl", hash = "sha256:ee439eb33c3932d5ab6b999a1be379400a06c8e59420120a287d5c3b050d34de"},
    {file = "pydantic_core-0.23.1-cp39-cp39-manylinux_2_17_aarch64.manylinux2014_aarch64.whl", hash = "sha256:a721cf4f6959c9083ace2c374040cc526d1d16cf5748b417f2b0a55ebc212e6d"},
    {file = "pydantic_core-0.23.1-cp39-cp39-manylinux_2_17_x86_64.manylinux2014_x86_64.whl", hash = "sha256:c15027fc86db4f80e21b5d8127a6859d952fe4ef3027db6c55aba057c276d53b"},
    {file = "pydantic_core-0.23.1-cp39-cp39-manylinux_2_24_armv7l.whl", hash = "sha256:422411aa4ea7121475805ac7bf46270729d499b6a74b453e014cb7633cbc28a1"},
    {file = "pydantic_core-0.23.1-cp39-cp39-manylinux_2_24_ppc64le.whl", hash = "sha256:5590b0f7846356ff9de766c6eeb4191da60519d87613739422d2ae35eafce1e6"},
    {file = "pydantic_core-0.23.1-cp39-cp39-manylinux_2_24_s390x.whl", hash = "sha256:d84068c07a16d37488fb2a7b2067bff8ccda17f382136080ebaf3b1e5f26135f"},
    {file = "pydantic_core-0.23.1-cp39-cp39-manylinux_2_5_i686.manylinux1_i686.whl", hash = "sha256:c6c64ce5bddd22e91c43dde4d41b5a89111015960b537f580b988756c84ae087"},
    {file = "pydantic_core-0.23.1-cp39-cp39-musllinux_1_1_aarch64.whl", hash = "sha256:24f7035801de73d0c4f6cd2e6aed4debc72692d6a7711408382da729861341ca"},
    {file = "pydantic_core-0.23.1-cp39-cp39-musllinux_1_1_x86_64.whl", hash = "sha256:bb0362c7cd8769c7b53ad4d71183b84ccab1996140fd1aedcc265ca6c2655236"},
    {file = "pydantic_core-0.23.1-cp39-none-win32.whl", hash = "sha256:dabfa5670c5ca19459d040348162bab7c43f7b4988ccc3649597c05d3e3cb7a0"},
    {file = "pydantic_core-0.23.1-cp39-none-win_amd64.whl", hash = "sha256:362bcb4e8b17786ce25007c941783d0cd62d6b585116ca7e172a09a4456dc820"},
    {file = "pydantic_core-0.23.1-pp37-pypy37_pp73-macosx_10_7_x86_64.whl", hash = "sha256:8a9881636c13b9dd5e67f5955dc0ddaadd25e8f91328361bff4227f712ab72b9"},
    {file = "pydantic_core-0.23.1-pp37-pypy37_pp73-manylinux_2_17_aarch64.manylinux2014_aarch64.whl", hash = "sha256:660dbce02e24c82c141724e02823abf8e04e1253d09bf03ce36507eccd4ed51c"},
    {file = "pydantic_core-0.23.1-pp37-pypy37_pp73-manylinux_2_17_x86_64.manylinux2014_x86_64.whl", hash = "sha256:3798175638e02cee53914b8474ab0e0bd97e6d4841e110f53653446bf500ba8c"},
    {file = "pydantic_core-0.23.1-pp37-pypy37_pp73-manylinux_2_5_i686.manylinux1_i686.whl", hash = "sha256:cb1e7e6438c6148c161dfd1426311fa504e1e160c10ae070a77874fc4e5d094e"},
    {file = "pydantic_core-0.23.1-pp37-pypy37_pp73-musllinux_1_1_aarch64.whl", hash = "sha256:4405f8670377ca5496ba94c68a563cdd00356d7e612a0868f8d30b828f57b1f8"},
    {file = "pydantic_core-0.23.1-pp37-pypy37_pp73-musllinux_1_1_x86_64.whl", hash = "sha256:6d366baba9d1bab8f430e45ba20e578e0dfbf4af93cbe5a9e5193c92057c652c"},
    {file = "pydantic_core-0.23.1-pp38-pypy38_pp73-macosx_10_7_x86_64.whl", hash = "sha256:a1cc8ccb29b88a6b636e90559f8b6d87c638e77464ae43ee2cdaebde3e62bbd7"},
    {file = "pydantic_core-0.23.1-pp38-pypy38_pp73-manylinux_2_17_aarch64.manylinux2014_aarch64.whl", hash = "sha256:245f7dbc34ba84ceabdf277c6698c716c3f02db8564bbbc6f84138452cb8412b"},
    {file = "pydantic_core-0.23.1-pp38-pypy38_pp73-manylinux_2_17_x86_64.manylinux2014_x86_64.whl", hash = "sha256:7896d16f27dcb246829ef6244fbaf85fad2173e53b1b08aea616857e229c1015"},
    {file = "pydantic_core-0.23.1-pp38-pypy38_pp73-manylinux_2_5_i686.manylinux1_i686.whl", hash = "sha256:9f01f7f1e9a7ecae35810f1ca6128eeb88245c26b7319a47e0fa16cf33a3bc09"},
    {file = "pydantic_core-0.23.1-pp38-pypy38_pp73-musllinux_1_1_aarch64.whl", hash = "sha256:f09c00318f39c6c80a9b4057d31b83db07944be8bfac230545d368d292c2605b"},
    {file = "pydantic_core-0.23.1-pp38-pypy38_pp73-musllinux_1_1_x86_64.whl", hash = "sha256:7e58e83e1daa5b36c609467559b93d7604ee09293a9e56277bcfdb5b43a8ce50"},
    {file = "pydantic_core-0.23.1-pp38-pypy38_pp73-win_amd64.whl", hash = "sha256:1dce4b872b877324db665c09b920351390c29c40ef5f77a59b2e4ff837a31798"},
    {file = "pydantic_core-0.23.1-pp39-pypy39_pp73-macosx_10_7_x86_64.whl", hash = "sha256:31faca184fa19f94879f7fefd498aa5524c160e7739ca19e64ebd31b765b825f"},
    {file = "pydantic_core-0.23.1-pp39-pypy39_pp73-manylinux_2_17_aarch64.manylinux2014_aarch64.whl", hash = "sha256:d4204947bdc5f71770b0a42acfb000a79e5e82ba107704a37212865d95d05ddf"},
    {file = "pydantic_core-0.23.1-pp39-pypy39_pp73-manylinux_2_17_x86_64.manylinux2014_x86_64.whl", hash = "sha256:11d375d3ca125894a346a5a3ca26daadd352b619b791eee9344f5045fa1f983f"},
    {file = "pydantic_core-0.23.1-pp39-pypy39_pp73-manylinux_2_5_i686.manylinux1_i686.whl", hash = "sha256:c4c056d6d27a5e75c36af141fee80dc03b4b5212ffb14c47b2a29bf5f04c1623"},
    {file = "pydantic_core-0.23.1-pp39-pypy39_pp73-musllinux_1_1_aarch64.whl", hash = "sha256:a5131b838d2fe3dd6c53453cfbb809660049bc580bc9f564a8c12ae019bba0dd"},
    {file = "pydantic_core-0.23.1-pp39-pypy39_pp73-musllinux_1_1_x86_64.whl", hash = "sha256:a9492f8c80520835875b1d5df786915135a6492d165bd7fc6d30f1b4abc35e0e"},
    {file = "pydantic_core-0.23.1-pp39-pypy39_pp73-win_amd64.whl", hash = "sha256:6603a1cc5bd4f0fd54bd496040478f5391270e7e79308d1b162f4c6644c2c56a"},
    {file = "pydantic_core-0.23.1.tar.gz", hash = "sha256:5aec2b7b8244b2e4eb9ab8f57436ff1ec2d3b9f443a5f99d5a67ed5e47e9a6fb"},
]

[[package]]
name = "typing-extensions"
version = "4.5.0"
description = "Backported and Experimental Type Hints for Python 3.7+"
category = "main"
optional = false
python-versions = ">=3.7"
files = [
    {file = "typing_extensions-4.5.0-py3-none-any.whl", hash = "sha256:fb33085c39dd998ac16d1431ebc293a8b3eedd00fd4a32de0ff79002c19511b4"},
    {file = "typing_extensions-4.5.0.tar.gz", hash = "sha256:5cb5f4a79139d699607b3ef622a1dedafa84e115ab0024e0d9c044a9479ca7cb"},
]

[metadata]
lock-version = "2.0"
python-versions = "^3.11"
content-hash = "b13a82d79d14d03d235cb4915319e4a278fe35dac44b29f35a5181716748df9f"
